
Microsoft Visual Studio Solution File, Format Version 12.00
# Visual Studio Version 17
VisualStudioVersion = 17.13.35919.96 d17.13
MinimumVisualStudioVersion = 10.0.40219.1
Project("{FAE04EC0-301F-11D3-BF4B-00C04F79EFBC}") = "JwtAuthDotNet", "JwtAuthDotNet\JwtAuthDotNet.csproj", "{8D7F0269-E8CF-4A4D-98EE-E1DA23D59BC1}"
EndProject
Global
	GlobalSection(SolutionConfigurationPlatforms) = preSolution
		Debug|Any CPU = Debug|Any CPU
		Release|Any CPU = Release|Any CPU
	EndGlobalSection
	GlobalSection(ProjectConfigurationPlatforms) = postSolution
		{8D7F0269-E8CF-4A4D-98EE-E1DA23D59BC1}.Debug|Any CPU.ActiveCfg = Debug|Any CPU
		{8D7F0269-E8CF-4A4D-98EE-E1DA23D59BC1}.Debug|Any CPU.Build.0 = Debug|Any CPU
		{8D7F0269-E8CF-4A4D-98EE-E1DA23D59BC1}.Release|Any CPU.ActiveCfg = Release|Any CPU
		{8D7F0269-E8CF-4A4D-98EE-E1DA23D59BC1}.Release|Any CPU.Build.0 = Release|Any CPU
	EndGlobalSection
	GlobalSection(SolutionProperties) = preSolution
		HideSolutionNode = FALSE
	EndGlobalSection
	GlobalSection(ExtensibilityGlobals) = postSolution
		SolutionGuid = {95AF2B75-0E29-4CEE-814F-94A09378BAD2}
	EndGlobalSection
EndGlobal
